// !$*UTF8*$!
{
	archiveVersion = 1;
	classes = {
	};
	objectVersion = 50;
	objects = {

/* Begin PBXBuildFile section */
		009AF94C21C0C7AF006698A2 /* AppDelegate.m in Sources */ = {isa = PBXBuildFile; fileRef = 009AF94B21C0C7AF006698A2 /* AppDelegate.m */; };
		009AF94F21C0C7AF006698A2 /* ViewController.m in Sources */ = {isa = PBXBuildFile; fileRef = 009AF94E21C0C7AF006698A2 /* ViewController.m */; };
		009AF95221C0C7AF006698A2 /* Main.storyboard in Resources */ = {isa = PBXBuildFile; fileRef = 009AF95021C0C7AF006698A2 /* Main.storyboard */; };
		009AF95421C0C7B0006698A2 /* Assets.xcassets in Resources */ = {isa = PBXBuildFile; fileRef = 009AF95321C0C7B0006698A2 /* Assets.xcassets */; };
		009AF95721C0C7B0006698A2 /* LaunchScreen.storyboard in Resources */ = {isa = PBXBuildFile; fileRef = 009AF95521C0C7B0006698A2 /* LaunchScreen.storyboard */; };
		009AF95A21C0C7B0006698A2 /* main.m in Sources */ = {isa = PBXBuildFile; fileRef = 009AF95921C0C7B0006698A2 /* main.m */; };
		009AF96121C0C7CB006698A2 /* CCFlower.mlmodel in Sources */ = {isa = PBXBuildFile; fileRef = 009AF96021C0C7CB006698A2 /* CCFlower.mlmodel */; };
		009AF96421C0C95F006698A2 /* UIImage+buffer.m in Sources */ = {isa = PBXBuildFile; fileRef = 009AF96321C0C95F006698A2 /* UIImage+buffer.m */; };
/* End PBXBuildFile section */

/* Begin PBXFileReference section */
		009AF94721C0C7AF006698A2 /* CCFlowerDemo.app */ = {isa = PBXFileReference; explicitFileType = wrapper.application; includeInIndex = 0; path = CCFlowerDemo.app; sourceTree = BUILT_PRODUCTS_DIR; };
		009AF94A21C0C7AF006698A2 /* AppDelegate.h */ = {isa = PBXFileReference; lastKnownFileType = sourcecode.c.h; path = AppDelegate.h; sourceTree = "<group>"; };
		009AF94B21C0C7AF006698A2 /* AppDelegate.m */ = {isa = PBXFileReference; lastKnownFileType = sourcecode.c.objc; path = AppDelegate.m; sourceTree = "<group>"; };
		009AF94D21C0C7AF006698A2 /* ViewController.h */ = {isa = PBXFileReference; lastKnownFileType = sourcecode.c.h; path = ViewController.h; sourceTree = "<group>"; };
		009AF94E21C0C7AF006698A2 /* ViewController.m */ = {isa = PBXFileReference; lastKnownFileType = sourcecode.c.objc; path = ViewController.m; sourceTree = "<group>"; };
		009AF95121C0C7AF006698A2 /* Base */ = {isa = PBXFileReference; lastKnownFileType = file.storyboard; name = Base; path = Base.lproj/Main.storyboard; sourceTree = "<group>"; };
		009AF95321C0C7B0006698A2 /* Assets.xcassets */ = {isa = PBXFileReference; lastKnownFileType = folder.assetcatalog; path = Assets.xcassets; sourceTree = "<group>"; };
		009AF95621C0C7B0006698A2 /* Base */ = {isa = PBXFileReference; lastKnownFileType = file.storyboard; name = Base; path = Base.lproj/LaunchScreen.storyboard; sourceTree = "<group>"; };
		009AF95821C0C7B0006698A2 /* Info.plist */ = {isa = PBXFileReference; lastKnownFileType = text.plist.xml; path = Info.plist; sourceTree = "<group>"; };
		009AF95921C0C7B0006698A2 /* main.m */ = {isa = PBXFileReference; lastKnownFileType = sourcecode.c.objc; path = main.m; sourceTree = "<group>"; };
		009AF96021C0C7CB006698A2 /* CCFlower.mlmodel */ = {isa = PBXFileReference; lastKnownFileType = file.mlmodel; path = CCFlower.mlmodel; sourceTree = "<group>"; };
		009AF96221C0C95F006698A2 /* UIImage+buffer.h */ = {isa = PBXFileReference; lastKnownFileType = sourcecode.c.h; path = "UIImage+buffer.h"; sourceTree = "<group>"; };
		009AF96321C0C95F006698A2 /* UIImage+buffer.m */ = {isa = PBXFileReference; lastKnownFileType = sourcecode.c.objc; path = "UIImage+buffer.m"; sourceTree = "<group>"; };
/* End PBXFileReference section */

/* Begin PBXFrameworksBuildPhase section */
		009AF94421C0C7AF006698A2 /* Frameworks */ = {
			isa = PBXFrameworksBuildPhase;
			buildActionMask = 2147483647;
			files = (
			);
			runOnlyForDeploymentPostprocessing = 0;
		};
/* End PBXFrameworksBuildPhase section */

/* Begin PBXGroup section */
		009AF93E21C0C7AF006698A2 = {
			isa = PBXGroup;
			children = (
				009AF94921C0C7AF006698A2 /* CCFlowerDemo */,
				009AF94821C0C7AF006698A2 /* Products */,
			);
			sourceTree = "<group>";
		};
		009AF94821C0C7AF006698A2 /* Products */ = {
			isa = PBXGroup;
			children = (
				009AF94721C0C7AF006698A2 /* CCFlowerDemo.app */,
			);
			name = Products;
			sourceTree = "<group>";
		};
		009AF94921C0C7AF006698A2 /* CCFlowerDemo */ = {
			isa = PBXGroup;
			children = (
				009AF94A21C0C7AF006698A2 /* AppDelegate.h */,
				009AF94B21C0C7AF006698A2 /* AppDelegate.m */,
				009AF94D21C0C7AF006698A2 /* ViewController.h */,
				009AF94E21C0C7AF006698A2 /* ViewController.m */,
				009AF95021C0C7AF006698A2 /* Main.storyboard */,
				009AF96021C0C7CB006698A2 /* CCFlower.mlmodel */,
				009AF95321C0C7B0006698A2 /* Assets.xcassets */,
				009AF95521C0C7B0006698A2 /* LaunchScreen.storyboard */,
				009AF95821C0C7B0006698A2 /* Info.plist */,
				009AF95921C0C7B0006698A2 /* main.m */,
				009AF96221C0C95F006698A2 /* UIImage+buffer.h */,
				009AF96321C0C95F006698A2 /* UIImage+buffer.m */,
			);
			path = CCFlowerDemo;
			sourceTree = "<group>";
		};
/* End PBXGroup section */

/* Begin PBXNativeTarget section */
		009AF94621C0C7AF006698A2 /* CCFlowerDemo */ = {
			isa = PBXNativeTarget;
			buildConfigurationList = 009AF95D21C0C7B0006698A2 /* Build configuration list for PBXNativeTarget "CCFlowerDemo" */;
			buildPhases = (
				009AF94321C0C7AF006698A2 /* Sources */,
				009AF94421C0C7AF006698A2 /* Frameworks */,
				009AF94521C0C7AF006698A2 /* Resources */,
			);
			buildRules = (
			);
			dependencies = (
			);
			name = CCFlowerDemo;
			productName = CCFlowerDemo;
			productReference = 009AF94721C0C7AF006698A2 /* CCFlowerDemo.app */;
			productType = "com.apple.product-type.application";
		};
/* End PBXNativeTarget section */

/* Begin PBXProject section */
		009AF93F21C0C7AF006698A2 /* Project object */ = {
			isa = PBXProject;
			attributes = {
				LastUpgradeCheck = 1010;
				ORGANIZATIONNAME = "cc | ccworld1000@gmail.com";
				TargetAttributes = {
					009AF94621C0C7AF006698A2 = {
						CreatedOnToolsVersion = 10.1;
					};
				};
			};
			buildConfigurationList = 009AF94221C0C7AF006698A2 /* Build configuration list for PBXProject "CCFlowerDemo" */;
			compatibilityVersion = "Xcode 9.3";
			developmentRegion = en;
			hasScannedForEncodings = 0;
			knownRegions = (
				en,
				Base,
			);
			mainGroup = 009AF93E21C0C7AF006698A2;
			productRefGroup = 009AF94821C0C7AF006698A2 /* Products */;
			projectDirPath = "";
			projectRoot = "";
			targets = (
				009AF94621C0C7AF006698A2 /* CCFlowerDemo */,
			);
		};
/* End PBXProject section */

/* Begin PBXResourcesBuildPhase section */
		009AF94521C0C7AF006698A2 /* Resources */ = {
			isa = PBXResourcesBuildPhase;
			buildActionMask = 2147483647;
			files = (
				009AF95721C0C7B0006698A2 /* LaunchScreen.storyboard in Resources */,
				009AF95421C0C7B0006698A2 /* Assets.xcassets in Resources */,
				009AF95221C0C7AF006698A2 /* Main.storyboard in Resources */,
			);
			runOnlyForDeploymentPostprocessing = 0;
		};
/* End PBXResourcesBuildPhase section */

/* Begin PBXSourcesBuildPhase section */
		009AF94321C0C7AF006698A2 /* Sources */ = {
			isa = PBXSourcesBuildPhase;
			buildActionMask = 2147483647;
			files = (
				009AF94F21C0C7AF006698A2 /* ViewController.m in Sources */,
				009AF96121C0C7CB006698A2 /* CCFlower.mlmodel in Sources */,
				009AF96421C0C95F006698A2 /* UIImage+buffer.m in Sources */,
				009AF95A21C0C7B0006698A2 /* main.m in Sources */,
				009AF94C21C0C7AF006698A2 /* AppDelegate.m in Sources */,
			);
			runOnlyForDeploymentPostprocessing = 0;
		};
/* End PBXSourcesBuildPhase section */

/* Begin PBXVariantGroup section */
		009AF95021C0C7AF006698A2 /* Main.storyboard */ = {
			isa = PBXVariantGroup;
			children = (
				009AF95121C0C7AF006698A2 /* Base */,
			);
			name = Main.storyboard;
			sourceTree = "<group>";
		};
		009AF95521C0C7B0006698A2 /* LaunchScreen.storyboard */ = {
			isa = PBXVariantGroup;
			children = (
				009AF95621C0C7B0006698A2 /* Base */,
			);
			name = LaunchScreen.storyboard;
			sourceTree = "<group>";
		};
/* End PBXVariantGroup section */

/* Begin XCBuildConfiguration section */
		009AF95B21C0C7B0006698A2 /* Debug */ = {
			isa = XCBuildConfiguration;
			buildSettings = {
				ALWAYS_SEARCH_USER_PATHS = NO;
				CLANG_ANALYZER_NONNULL = YES;
				CLANG_ANALYZER_NUMBER_OBJECT_CONVERSION = YES_AGGRESSIVE;
				CLANG_CXX_LANGUAGE_STANDARD = "gnu++14";
				CLANG_CXX_LIBRARY = "libc++";
				CLANG_ENABLE_MODULES = YES;
				CLANG_ENABLE_OBJC_ARC = YES;
				CLANG_ENABLE_OBJC_WEAK = YES;
				CLANG_WARN_BLOCK_CAPTURE_AUTORELEASING = YES;
				CLANG_WARN_BOOL_CONVERSION = YES;
				CLANG_WARN_COMMA = YES;
				CLANG_WARN_CONSTANT_CONVERSION = YES;
				CLANG_WARN_DEPRECATED_OBJC_IMPLEMENTATIONS = YES;
				CLANG_WARN_DIRECT_OBJC_ISA_USAGE = YES_ERROR;
				CLANG_WARN_DOCUMENTATION_COMMENTS = YES;
				CLANG_WARN_EMPTY_BODY = YES;
				CLANG_WARN_ENUM_CONVERSION = YES;
				CLANG_WARN_INFINITE_RECURSION = YES;
				CLANG_WARN_INT_CONVERSION = YES;
				CLANG_WARN_NON_LITERAL_NULL_CONVERSION = YES;
				CLANG_WARN_OBJC_IMPLICIT_RETAIN_SELF = YES;
				CLANG_WARN_OBJC_LITERAL_CONVERSION = YES;
				CLANG_WARN_OBJC_ROOT_CLASS = YES_ERROR;
				CLANG_WARN_RANGE_LOOP_ANALYSIS = YES;
				CLANG_WARN_STRICT_PROTOTYPES = YES;
				CLANG_WARN_SUSPICIOUS_MOVE = YES;
				CLANG_WARN_UNGUARDED_AVAILABILITY = YES_AGGRESSIVE;
				CLANG_WARN_UNREACHABLE_CODE = YES;
				CLANG_WARN__DUPLICATE_METHOD_MATCH = YES;
				CODE_SIGN_IDENTITY = "iPhone Developer";
				COPY_PHASE_STRIP = NO;
				DEBUG_INFORMATION_FORMAT = dwarf;
				ENABLE_STRICT_OBJC_MSGSEND = YES;
				ENABLE_TESTABILITY = YES;
				GCC_C_LANGUAGE_STANDARD = gnu11;
				GCC_DYNAMIC_NO_PIC = NO;
				GCC_NO_COMMON_BLOCKS = YES;
				GCC_OPTIMIZATION_LEVEL = 0;
				GCC_PREPROCESSOR_DEFINITIONS = (
					"DEBUG=1",
					"$(inherited)",
				);
				GCC_WARN_64_TO_32_BIT_CONVERSION = YES;
				GCC_WARN_ABOUT_RETURN_TYPE = YES_ERROR;
				GCC_WARN_UNDECLARED_SELECTOR = YES;
				GCC_WARN_UNINITIALIZED_AUTOS = YES_AGGRESSIVE;
				GCC_WARN_UNUSED_FUNCTION = YES;
				GCC_WARN_UNUSED_VARIABLE = YES;
				IPHONEOS_DEPLOYMENT_TARGET = 12.1;
				MTL_ENABLE_DEBUG_INFO = INCLUDE_SOURCE;
				MTL_FAST_MATH = YES;
				ONLY_ACTIVE_ARCH = YES;
				SDKROOT = iphoneos;
			};
			name = Debug;
		};
		009AF95C21C0C7B0006698A2 /* Release */ = {
			isa = XCBuildConfiguration;
			buildSettings = {
				ALWAYS_SEARCH_USER_PATHS = NO;
				CLANG_ANALYZER_NONNULL = YES;
				CLANG_ANALYZER_NUMBER_OBJECT_CONVERSION = YES_AGGRESSIVE;
				CLANG_CXX_LANGUAGE_STANDARD = "gnu++14";
				CLANG_CXX_LIBRARY = "libc++";
				CLANG_ENABLE_MODULES = YES;
				CLANG_ENABLE_OBJC_ARC = YES;
				CLANG_ENABLE_OBJC_WEAK = YES;
				CLANG_WARN_BLOCK_CAPTURE_AUTORELEASING = YES;
				CLANG_WARN_BOOL_CONVERSION = YES;
				CLANG_WARN_COMMA = YES;
				CLANG_WARN_CONSTANT_CONVERSION = YES;
				CLANG_WARN_DEPRECATED_OBJC_IMPLEMENTATIONS = YES;
				CLANG_WARN_DIRECT_OBJC_ISA_USAGE = YES_ERROR;
				CLANG_WARN_DOCUMENTATION_COMMENTS = YES;
				CLANG_WARN_EMPTY_BODY = YES;
				CLANG_WARN_ENUM_CONVERSION = YES;
				CLANG_WARN_INFINITE_RECURSION = YES;
				CLANG_WARN_INT_CONVERSION = YES;
				CLANG_WARN_NON_LITERAL_NULL_CONVERSION = YES;
				CLANG_WARN_OBJC_IMPLICIT_RETAIN_SELF = YES;
				CLANG_WARN_OBJC_LITERAL_CONVERSION = YES;
				CLANG_WARN_OBJC_ROOT_CLASS = YES_ERROR;
				CLANG_WARN_RANGE_LOOP_ANALYSIS = YES;
				CLANG_WARN_STRICT_PROTOTYPES = YES;
				CLANG_WARN_SUSPICIOUS_MOVE = YES;
				CLANG_WARN_UNGUARDED_AVAILABILITY = YES_AGGRESSIVE;
				CLANG_WARN_UNREACHABLE_CODE = YES;
				CLANG_WARN__DUPLICATE_METHOD_MATCH = YES;
				CODE_SIGN_IDENTITY = "iPhone Developer";
				COPY_PHASE_STRIP = NO;
				DEBUG_INFORMATION_FORMAT = "dwarf-with-dsym";
				ENABLE_NS_ASSERTIONS = NO;
				ENABLE_STRICT_OBJC_MSGSEND = YES;
				GCC_C_LANGUAGE_STANDARD = gnu11;
				GCC_NO_COMMON_BLOCKS = YES;
				GCC_WARN_64_TO_32_BIT_CONVERSION = YES;
				GCC_WARN_ABOUT_RETURN_TYPE = YES_ERROR;
				GCC_WARN_UNDECLARED_SELECTOR = YES;
				GCC_WARN_UNINITIALIZED_AUTOS = YES_AGGRESSIVE;
				GCC_WARN_UNUSED_FUNCTION = YES;
				GCC_WARN_UNUSED_VARIABLE = YES;
				IPHONEOS_DEPLOYMENT_TARGET = 12.1;
				MTL_ENABLE_DEBUG_INFO = NO;
				MTL_FAST_MATH = YES;
				SDKROOT = iphoneos;
				VALIDATE_PRODUCT = YES;
			};
			name = Release;
		};
		009AF95E21C0C7B0006698A2 /* Debug */ = {
			isa = XCBuildConfiguration;
			buildSettings = {
				ASSETCATALOG_COMPILER_APPICON_NAME = AppIcon;
				CODE_SIGN_STYLE = Automatic;
				INFOPLIST_FILE = CCFlowerDemo/Info.plist;
				LD_RUNPATH_SEARCH_PATHS = (
					"$(inherited)",
					"@executable_path/Frameworks",
				);
				PRODUCT_BUNDLE_IDENTIFIER = com.cc.CCFlowerDemo;
				PRODUCT_NAME = "$(TARGET_NAME)";
				TARGETED_DEVICE_FAMILY = "1,2";
			};
			name = Debug;
		};
		009AF95F21C0C7B0006698A2 /* Release */ = {
			isa = XCBuildConfiguration;
			buildSettings = {
				ASSETCATALOG_COMPILER_APPICON_NAME = AppIcon;
				CODE_SIGN_STYLE = Automatic;
				INFOPLIST_FILE = CCFlowerDemo/Info.plist;
				LD_RUNPATH_SEARCH_PATHS = (
					"$(inherited)",
					"@executable_path/Frameworks",
				);
				PRODUCT_BUNDLE_IDENTIFIER = com.cc.CCFlowerDemo;
				PRODUCT_NAME = "$(TARGET_NAME)";
				TARGETED_DEVICE_FAMILY = "1,2";
			};
			name = Release;
		};
/* End XCBuildConfiguration section */

/* Begin XCConfigurationList section */
		009AF94221C0C7AF006698A2 /* Build configuration list for PBXProject "CCFlowerDemo" */ = {
			isa = XCConfigurationList;
			buildConfigurations = (
				009AF95B21C0C7B0006698A2 /* Debug */,
				009AF95C21C0C7B0006698A2 /* Release */,
			);
			defaultConfigurationIsVisible = 0;
			defaultConfigurationName = Release;
		};
		009AF95D21C0C7B0006698A2 /* Build configuration list for PBXNativeTarget "CCFlowerDemo" */ = {
			isa = XCConfigurationList;
			buildConfigurations = (
				009AF95E21C0C7B0006698A2 /* Debug */,
				009AF95F21C0C7B0006698A2 /* Release */,
			);
			defaultConfigurationIsVisible = 0;
			defaultConfigurationName = Release;
		};
/* End XCConfigurationList section */
	};
	rootObject = 009AF93F21C0C7AF006698A2 /* Project object */;
}
